
Microsoft Visual Studio Solution File, Format Version 12.00
# Visual Studio Version 17
VisualStudioVersion = 17.9.34902.65
MinimumVisualStudioVersion = 10.0.40219.1
Project("{FAE04EC0-301F-11D3-BF4B-00C04F79EFBC}") = "StarWarsAPI", "StarWarsAPI\StarWarsAPI.csproj", "{865E9E3A-D4DA-41E5-BADE-44FAB2F407F9}"
EndProject
Global
	GlobalSection(SolutionConfigurationPlatforms) = preSolution
		Debug|Any CPU = Debug|Any CPU
		Release|Any CPU = Release|Any CPU
	EndGlobalSection
	GlobalSection(ProjectConfigurationPlatforms) = postSolution
		{865E9E3A-D4DA-41E5-BADE-44FAB2F407F9}.Debug|Any CPU.ActiveCfg = Debug|Any CPU
		{865E9E3A-D4DA-41E5-BADE-44FAB2F407F9}.Debug|Any CPU.Build.0 = Debug|Any CPU
		{865E9E3A-D4DA-41E5-BADE-44FAB2F407F9}.Release|Any CPU.ActiveCfg = Release|Any CPU
		{865E9E3A-D4DA-41E5-BADE-44FAB2F407F9}.Release|Any CPU.Build.0 = Release|Any CPU
	EndGlobalSection
	GlobalSection(SolutionProperties) = preSolution
		HideSolutionNode = FALSE
	EndGlobalSection
	GlobalSection(ExtensibilityGlobals) = postSolution
		SolutionGuid = {EC9C6BD2-EB9F-42DF-83BE-FAF013BCDA0D}
	EndGlobalSection
EndGlobal
